
Microsoft Visual Studio Solution File, Format Version 11.00
# Visual Studio 2010
Project("{FAE04EC0-301F-11D3-BF4B-00C04F79EFBC}") = "Tailwind", "Assembly-CSharp.csproj", "{0A40ADF6-3752-C270-1A90-47E1729D73F7}"
EndProject
Project("{FAE04EC0-301F-11D3-BF4B-00C04F79EFBC}") = "Tailwind", "Assembly-CSharp-firstpass.csproj", "{786565E2-24A5-CED9-B316-0158EC299763}"
EndProject
Project("{FAE04EC0-301F-11D3-BF4B-00C04F79EFBC}") = "Tailwind", "Assembly-CSharp-Editor.csproj", "{79B055C5-E1C5-6781-34CB-A438B524C59F}"
EndProject
Project("{FAE04EC0-301F-11D3-BF4B-00C04F79EFBC}") = "Tailwind", "Assembly-CSharp-Editor-firstpass.csproj", "{6B655E0E-C241-2A58-7076-565247CF12B3}"
EndProject
Global
	GlobalSection(SolutionConfigurationPlatforms) = preSolution
		Debug|Any CPU = Debug|Any CPU
		Release|Any CPU = Release|Any CPU
	EndGlobalSection
	GlobalSection(ProjectConfigurationPlatforms) = postSolution
		{0A40ADF6-3752-C270-1A90-47E1729D73F7}.Debug|Any CPU.ActiveCfg = Debug|Any CPU
		{0A40ADF6-3752-C270-1A90-47E1729D73F7}.Debug|Any CPU.Build.0 = Debug|Any CPU
		{0A40ADF6-3752-C270-1A90-47E1729D73F7}.Release|Any CPU.ActiveCfg = Release|Any CPU
		{0A40ADF6-3752-C270-1A90-47E1729D73F7}.Release|Any CPU.Build.0 = Release|Any CPU
		{786565E2-24A5-CED9-B316-0158EC299763}.Debug|Any CPU.ActiveCfg = Debug|Any CPU
		{786565E2-24A5-CED9-B316-0158EC299763}.Debug|Any CPU.Build.0 = Debug|Any CPU
		{786565E2-24A5-CED9-B316-0158EC299763}.Release|Any CPU.ActiveCfg = Release|Any CPU
		{786565E2-24A5-CED9-B316-0158EC299763}.Release|Any CPU.Build.0 = Release|Any CPU
		{79B055C5-E1C5-6781-34CB-A438B524C59F}.Debug|Any CPU.ActiveCfg = Debug|Any CPU
		{79B055C5-E1C5-6781-34CB-A438B524C59F}.Debug|Any CPU.Build.0 = Debug|Any CPU
		{79B055C5-E1C5-6781-34CB-A438B524C59F}.Release|Any CPU.ActiveCfg = Release|Any CPU
		{79B055C5-E1C5-6781-34CB-A438B524C59F}.Release|Any CPU.Build.0 = Release|Any CPU
		{6B655E0E-C241-2A58-7076-565247CF12B3}.Debug|Any CPU.ActiveCfg = Debug|Any CPU
		{6B655E0E-C241-2A58-7076-565247CF12B3}.Debug|Any CPU.Build.0 = Debug|Any CPU
		{6B655E0E-C241-2A58-7076-565247CF12B3}.Release|Any CPU.ActiveCfg = Release|Any CPU
		{6B655E0E-C241-2A58-7076-565247CF12B3}.Release|Any CPU.Build.0 = Release|Any CPU
	EndGlobalSection
	GlobalSection(SolutionProperties) = preSolution
		HideSolutionNode = FALSE
	EndGlobalSection
	GlobalSection(MonoDevelopProperties) = preSolution
		StartupItem = Assembly-CSharp.csproj
	EndGlobalSection
EndGlobal
